{
  "name": "backend",
  "version": "1.0.0",
  "lockfileVersion": 3,
  "requires": true,
  "packages": {
    "": {
      "name": "backend",
      "version": "1.0.0",
      "license": "ISC",
      "dependencies": {
        "@mastra/core": "^1.64.0",
        "cors": "^2.8.6",
        "dotenv": "^17.4.2",
        "express": "^5.2.1",
        "graphql": "^17.0.2",
        "jsonwebtoken": "^9.0.3",
        "pg": "^8.23.0",
        "pino": "^10.3.1",
        "pino-pretty": "^13.1.3",
        "viem": "2.38.5",
        "zod": "^4.5.4"
      },
      "devDependencies": {
        "@types/cors": "^2.8.19",
        "@types/express": "^5.0.6",
        "@types/jsonwebtoken": "^9.0.10",
        "@types/node": "26.4.1",
        "@types/pg": "^8.23.1",
        "tsx": "^4.23.13",
        "typescript": "7.0.2"
      }
    },
    "../../node_modules/.pnpm/@mastra+core@1.64.0_bufferutil@4.1.0_express@5.2.1_supports-color@10.2.2__supports-colo_0b2d0e26af7571dbecca953cacfe3b47/node_modules/@mastra/core": {
      "version": "1.64.0",
      "license": "Apache-2.0",
      "dependencies": {
        "@a2a-js/sdk-v0_3": "npm:@a2a-js/sdk@~0.3.14",
        "@a2a-js/sdk-v1": "npm:@a2a-js/sdk@~1.0.1",
        "@ai-sdk/provider-utils-v6": "npm:@ai-sdk/provider-utils@4.0.40",
        "@ai-sdk/provider-utils-v7": "npm:@ai-sdk/provider-utils@5.0.13",
        "@ai-sdk/provider-v5": "npm:@ai-sdk/provider@2.0.3",
        "@ai-sdk/provider-v6": "npm:@ai-sdk/provider@3.0.14",
        "@ai-sdk/provider-v7": "npm:@ai-sdk/provider@4.0.4",
        "@isaacs/ttlcache": "^2.1.5",
        "@lukeed/uuid": "^2.0.1",
        "@mastra/schema-compat": "1.3.8",
        "@modelcontextprotocol/server": "2.0.0",
        "@sindresorhus/slugify": "^2.2.1",
        "@standard-schema/spec": "^1.1.0",
        "ajv": "^8.20.0",
        "chat": "^4.34.0",
        "croner": "^10.0.1",
        "dotenv": "^17.3.1",
        "execa": "^9.6.1",
        "fastq": "^1.20.1",
        "gray-matter": "^4.0.3",
        "ignore": "^7.0.5",
        "jpeg-js": "^0.4.4",
        "json-schema": "^0.4.0",
        "lru-cache": "^11.2.7",
        "p-map": "^7.0.4",
        "p-retry": "^7.1.1",
        "picomatch": "^4.0.3",
        "posthog-node": "^5.46.1",
        "tokenx": "^1.3.0",
        "ws": "^8.21.0",
        "xxhash-wasm": "^1.1.0"
      },
      "devDependencies": {
        "@ai-sdk/alibaba-v6": "npm:@ai-sdk/alibaba@1.0.40",
        "@ai-sdk/anthropic-v5": "npm:@ai-sdk/anthropic@2.0.91",
        "@ai-sdk/anthropic-v6": "npm:@ai-sdk/anthropic@3.0.103",
        "@ai-sdk/anthropic-v7": "npm:@ai-sdk/anthropic@4.0.22",
        "@ai-sdk/azure": "^2.0.120",
        "@ai-sdk/cerebras-v6": "npm:@ai-sdk/cerebras@2.0.68",
        "@ai-sdk/deepinfra-v6": "npm:@ai-sdk/deepinfra@2.0.66",
        "@ai-sdk/deepseek-v6": "npm:@ai-sdk/deepseek@2.0.50",
        "@ai-sdk/google-v5": "npm:@ai-sdk/google@2.0.85",
        "@ai-sdk/google-v6": "npm:@ai-sdk/google@3.0.101",
        "@ai-sdk/google-v7": "npm:@ai-sdk/google@4.0.25",
        "@ai-sdk/groq-v6": "npm:@ai-sdk/groq@3.0.53",
        "@ai-sdk/mistral-v6": "npm:@ai-sdk/mistral@3.0.52",
        "@ai-sdk/openai": "^1.3.24",
        "@ai-sdk/openai-compatible-v5": "npm:@ai-sdk/openai-compatible@1.0.46",
        "@ai-sdk/openai-compatible-v6": "npm:@ai-sdk/openai-compatible@2.0.62",
        "@ai-sdk/openai-v5": "npm:@ai-sdk/openai@2.0.115",
        "@ai-sdk/openai-v6": "npm:@ai-sdk/openai@3.0.88",
        "@ai-sdk/openai-v7": "npm:@ai-sdk/openai@4.0.21",
        "@ai-sdk/perplexity-v6": "npm:@ai-sdk/perplexity@3.0.47",
        "@ai-sdk/provider-utils-v4": "npm:@ai-sdk/provider-utils@2.2.8",
        "@ai-sdk/provider-v4": "npm:@ai-sdk/provider@1.1.3",
        "@ai-sdk/togetherai-v6": "npm:@ai-sdk/togetherai@2.0.68",
        "@ai-sdk/xai-v6": "npm:@ai-sdk/xai@3.0.111",
        "@ast-grep/napi": "^0.40.5",
        "@babel/core": "^8.0.1",
        "@copilotkit/aimock": "^1.29.0",
        "@internal/ai-sdk-v4": "0.0.77",
        "@internal/ai-sdk-v5": "0.0.77",
        "@internal/ai-v6": "0.0.77",
        "@internal/ai-v7": "0.0.77",
        "@internal/auth": "0.0.20",
        "@internal/core": "0.1.2",
        "@internal/external-types": "0.0.80",
        "@internal/lint": "0.0.130",
        "@internal/llm-recorder": "0.0.66",
        "@internal/test-utils": "0.0.66",
        "@internal/types-builder": "0.0.105",
        "@internal/voice": "0.0.28",
        "@openrouter/ai-sdk-provider": "^0.7.5",
        "@openrouter/ai-sdk-provider-v5": "npm:@openrouter/ai-sdk-provider@1.5.4",
        "@openrouter/ai-sdk-provider-v6": "npm:@openrouter/ai-sdk-provider@2.10.0",
        "@types/json-schema": "^7.0.15",
        "@types/node": "22.20.1",
        "@types/picomatch": "4.0.2",
        "@types/ws": "^8.18.1",
        "@vitest/coverage-v8": "4.1.10",
        "@vitest/ui": "4.1.10",
        "arktype": "^2.2.0",
        "eslint": "^10.7.0",
        "fast-deep-equal": "^3.1.3",
        "hono": "^4.12.8",
        "hono-openapi": "^1.3.1",
        "rollup": "^4.62.2",
        "tinyglobby": "^0.2.17",
        "ts-morph": "^27.0.2",
        "tsdown": "0.22.9",
        "tsx": "^4.23.1",
        "typescript": "^7.0.2",
        "valibot": "^1.4.1",
        "vitest": "4.1.10",
        "vscode-jsonrpc": "^8.2.1",
        "vscode-languageserver-protocol": "^3.17.5",
        "zod": "^4.4.3"
      },
      "engines": {
        "node": ">=22.13.0"
      },
      "peerDependencies": {
        "zod": "^3.25.0 || ^4.0.0"
      }
    },
    "../../node_modules/.pnpm/@types+cors@2.8.19/node_modules/@types/cors": {
      "version": "2.8.19",
      "dev": true,
      "license": "MIT",
      "dependencies": {
        "@types/node": "*"
      }
    },
    "../../node_modules/.pnpm/@types+express@5.0.6/node_modules/@types/express": {
      "version": "5.0.6",
      "dev": true,
      "license": "MIT",
      "dependencies": {
        "@types/body-parser": "*",
        "@types/express-serve-static-core": "^5.0.0",
        "@types/serve-static": "^2"
      }
    },
    "../../node_modules/.pnpm/@types+jsonwebtoken@9.0.10/node_modules/@types/jsonwebtoken": {
      "version": "9.0.10",
      "dev": true,
      "license": "MIT",
      "dependencies": {
        "@types/ms": "*",
        "@types/node": "*"
      }
    },
    "../../node_modules/.pnpm/@types+node@26.4.1/node_modules/@types/node": {
      "version": "26.4.1",
      "dev": true,
      "license": "MIT",
      "dependencies": {
        "undici-types": "~8.3.0"
      }
    },
    "../../node_modules/.pnpm/@types+pg@8.23.1/node_modules/@types/pg": {
      "version": "8.23.1",
      "dev": true,
      "license": "MIT",
      "dependencies": {
        "@types/node": "*",
        "pg-protocol": "*",
        "pg-types": "^2.2.0"
      }
    },
    "../../node_modules/.pnpm/cors@2.8.6/node_modules/cors": {
      "version": "2.8.6",
      "license": "MIT",
      "dependencies": {
        "object-assign": "^4",
        "vary": "^1"
      },
      "devDependencies": {
        "after": "0.8.2",
        "eslint": "7.30.0",
        "express": "4.21.2",
        "mocha": "9.2.2",
        "nyc": "15.1.0",
        "supertest": "6.1.3"
      },
      "engines": {
        "node": ">= 0.10"
      },
      "funding": {
        "type": "opencollective",
        "url": "https://opencollective.com/express"
      }
    },
    "../../node_modules/.pnpm/dotenv@17.4.2/node_modules/dotenv": {
      "version": "17.4.2",
      "license": "BSD-2-Clause",
      "devDependencies": {
        "@types/node": "^18.11.3",
        "decache": "^4.6.2",
        "sinon": "^14.0.1",
        "standard": "^17.0.0",
        "standard-version": "^9.5.0",
        "tap": "^19.2.0",
        "typescript": "^4.8.4"
      },
      "engines": {
        "node": ">=12"
      },
      "funding": {
        "url": "https://dotenvx.com"
      }
    },
    "../../node_modules/.pnpm/express@5.2.1_supports-color@10.2.2/node_modules/express": {
      "version": "5.2.1",
      "license": "MIT",
      "dependencies": {
        "accepts": "^2.0.0",
        "body-parser": "^2.2.1",
        "content-disposition": "^1.0.0",
        "content-type": "^1.0.5",
        "cookie": "^0.7.1",
        "cookie-signature": "^1.2.1",
        "debug": "^4.4.0",
        "depd": "^2.0.0",
        "encodeurl": "^2.0.0",
        "escape-html": "^1.0.3",
        "etag": "^1.8.1",
        "finalhandler": "^2.1.0",
        "fresh": "^2.0.0",
        "http-errors": "^2.0.0",
        "merge-descriptors": "^2.0.0",
        "mime-types": "^3.0.0",
        "on-finished": "^2.4.1",
        "once": "^1.4.0",
        "parseurl": "^1.3.3",
        "proxy-addr": "^2.0.7",
        "qs": "^6.14.0",
        "range-parser": "^1.2.1",
        "router": "^2.2.0",
        "send": "^1.1.0",
        "serve-static": "^2.2.0",
        "statuses": "^2.0.1",
        "type-is": "^2.0.1",
        "vary": "^1.1.2"
      },
      "devDependencies": {
        "after": "0.8.2",
        "connect-redis": "^8.0.1",
        "cookie-parser": "1.4.7",
        "cookie-session": "2.1.1",
        "ejs": "^3.1.10",
        "eslint": "8.47.0",
        "express-session": "^1.18.1",
        "hbs": "4.2.0",
        "marked": "^15.0.3",
        "method-override": "3.0.0",
        "mocha": "^10.7.3",
        "morgan": "1.10.1",
        "nyc": "^17.1.0",
        "pbkdf2-password": "1.2.1",
        "supertest": "^6.3.0",
        "vhost": "~3.0.2"
      },
      "engines": {
        "node": ">= 18"
      },
      "funding": {
        "type": "opencollective",
        "url": "https://opencollective.com/express"
      }
    },
    "../../node_modules/.pnpm/graphql@17.0.2/node_modules/graphql": {
      "version": "17.0.2",
      "license": "MIT",
      "engines": {
        "node": "^22.0.0 || ^24.0.0 || ^25.0.0 || >=26.0.0"
      }
    },
    "../../node_modules/.pnpm/jsonwebtoken@9.0.3/node_modules/jsonwebtoken": {
      "version": "9.0.3",
      "license": "MIT",
      "dependencies": {
        "jws": "^4.0.1",
        "lodash.includes": "^4.3.0",
        "lodash.isboolean": "^3.0.3",
        "lodash.isinteger": "^4.0.4",
        "lodash.isnumber": "^3.0.3",
        "lodash.isplainobject": "^4.0.6",
        "lodash.isstring": "^4.0.1",
        "lodash.once": "^4.0.0",
        "ms": "^2.1.1",
        "semver": "^7.5.4"
      },
      "devDependencies": {
        "atob": "^2.1.2",
        "chai": "^4.1.2",
        "conventional-changelog": "~1.1.0",
        "eslint": "^4.19.1",
        "mocha": "^5.2.0",
        "nsp": "^2.6.2",
        "nyc": "^11.9.0",
        "sinon": "^6.0.0"
      },
      "engines": {
        "node": ">=12",
        "npm": ">=6"
      }
    },
    "../../node_modules/.pnpm/pg@8.23.0/node_modules/pg": {
      "version": "8.23.0",
      "license": "MIT",
      "dependencies": {
        "pg-connection-string": "^2.14.0",
        "pg-pool": "^3.14.0",
        "pg-protocol": "^1.16.0",
        "pg-types": "2.2.0",
        "pgpass": "1.0.5"
      },
      "devDependencies": {
        "@cloudflare/vitest-pool-workers": "0.8.23",
        "@cloudflare/workers-types": "^4.20230404.0",
        "async": "2.6.4",
        "bluebird": "3.7.2",
        "co": "4.6.0",
        "pg-copy-streams": "0.3.0",
        "typescript": "^6.0.3",
        "vitest": "~3.0.9",
        "wrangler": "^3.x"
      },
      "engines": {
        "node": ">= 16.0.0"
      },
      "optionalDependencies": {
        "pg-cloudflare": "^1.4.0"
      },
      "peerDependencies": {
        "pg-native": ">=3.0.1"
      },
      "peerDependenciesMeta": {
        "pg-native": {
          "optional": true
        }
      }
    },
    "../../node_modules/.pnpm/pino-pretty@13.1.3/node_modules/pino-pretty": {
      "version": "13.1.3",
      "license": "MIT",
      "dependencies": {
        "colorette": "^2.0.7",
        "dateformat": "^4.6.3",
        "fast-copy": "^4.0.0",
        "fast-safe-stringify": "^2.1.1",
        "help-me": "^5.0.0",
        "joycon": "^3.1.1",
        "minimist": "^1.2.6",
        "on-exit-leak-free": "^2.1.0",
        "pino-abstract-transport": "^3.0.0",
        "pump": "^3.0.0",
        "secure-json-parse": "^4.0.0",
        "sonic-boom": "^4.0.1",
        "strip-json-comments": "^5.0.2"
      },
      "bin": {
        "pino-pretty": "bin.js"
      },
      "devDependencies": {
        "@arethetypeswrong/cli": "^0.18.1",
        "@jsumners/assert-match": "^1.0.0",
        "@jsumners/line-reporter": "^1.0.1",
        "@types/node": "^24.0.8",
        "borp": "^0.21.0",
        "eslint": "^9.37.0",
        "fastbench": "^1.0.1",
        "neostandard": "^0.12.2",
        "pino": "^10.1.0",
        "rimraf": "^6.0.1",
        "semver": "^7.6.0",
        "tap": "^16.0.0",
        "tsd": "^0.33.0",
        "typescript": "~5.9.2"
      }
    },
    "../../node_modules/.pnpm/pino@10.3.1/node_modules/pino": {
      "version": "10.3.1",
      "license": "MIT",
      "dependencies": {
        "@pinojs/redact": "^0.4.0",
        "atomic-sleep": "^1.0.0",
        "on-exit-leak-free": "^2.1.0",
        "pino-abstract-transport": "^3.0.0",
        "pino-std-serializers": "^7.0.0",
        "process-warning": "^5.0.0",
        "quick-format-unescaped": "^4.0.3",
        "real-require": "^0.2.0",
        "safe-stable-stringify": "^2.3.1",
        "sonic-boom": "^4.0.1",
        "thread-stream": "^4.0.0"
      },
      "bin": {
        "pino": "bin.js"
      },
      "devDependencies": {
        "@arethetypeswrong/cli": "^0.18.1",
        "@matteo.collina/tspl": "^0.2.0",
        "@types/flush-write-stream": "^1.0.0",
        "@types/node": "^25.0.3",
        "airtap": "5.0.0",
        "bole": "^5.0.5",
        "borp": "^0.21.0",
        "bunyan": "^1.8.14",
        "debug": "^4.3.4",
        "docsify-cli": "^4.4.4",
        "eslint": "^9.37.0",
        "eslint-plugin-import": "^2.26.0",
        "eslint-plugin-n": "17.23.2",
        "eslint-plugin-node": "^11.1.0",
        "eslint-plugin-promise": "^6.0.0",
        "execa": "^5.0.0",
        "fastbench": "^1.0.1",
        "flush-write-stream": "^2.0.0",
        "import-fresh": "^3.2.1",
        "jest": "^30.0.3",
        "log": "^6.0.0",
        "loglevel": "^1.6.7",
        "midnight-smoker": "1.1.1",
        "neostandard": "^0.12.2",
        "pino-pretty": "^13.0.0",
        "pre-commit": "^1.2.2",
        "proxyquire": "^2.1.3",
        "pump": "^3.0.0",
        "rimraf": "^6.0.1",
        "semver": "^7.3.7",
        "split2": "^4.0.0",
        "steed": "^1.1.3",
        "strip-ansi": "^6.0.0",
        "tape": "^5.5.3",
        "through2": "^4.0.0",
        "ts-node": "^10.9.1",
        "tsd": "^0.33.0",
        "typescript": "~5.9.2",
        "winston": "^3.7.2"
      }
    },
    "../../node_modules/.pnpm/tsx@4.23.13/node_modules/tsx": {
      "version": "4.23.13",
      "dev": true,
      "license": "MIT",
      "dependencies": {
        "esbuild": "~0.28.0"
      },
      "bin": {
        "tsx": "dist/cli.mjs"
      },
      "engines": {
        "node": ">=18.0.0"
      },
      "optionalDependencies": {
        "fsevents": "~2.3.3"
      }
    },
    "../../node_modules/.pnpm/typescript@7.0.2/node_modules/typescript": {
      "version": "7.0.2",
      "dev": true,
      "license": "Apache-2.0",
      "bin": {
        "tsc": "bin/tsc"
      },
      "engines": {
        "node": ">=16.20.0"
      },
      "optionalDependencies": {
        "@typescript/typescript-aix-ppc64": "7.0.2",
        "@typescript/typescript-darwin-arm64": "7.0.2",
        "@typescript/typescript-darwin-x64": "7.0.2",
        "@typescript/typescript-freebsd-arm64": "7.0.2",
        "@typescript/typescript-freebsd-x64": "7.0.2",
        "@typescript/typescript-linux-arm": "7.0.2",
        "@typescript/typescript-linux-arm64": "7.0.2",
        "@typescript/typescript-linux-loong64": "7.0.2",
        "@typescript/typescript-linux-mips64el": "7.0.2",
        "@typescript/typescript-linux-ppc64": "7.0.2",
        "@typescript/typescript-linux-riscv64": "7.0.2",
        "@typescript/typescript-linux-s390x": "7.0.2",
        "@typescript/typescript-linux-x64": "7.0.2",
        "@typescript/typescript-netbsd-arm64": "7.0.2",
        "@typescript/typescript-netbsd-x64": "7.0.2",
        "@typescript/typescript-openbsd-arm64": "7.0.2",
        "@typescript/typescript-openbsd-x64": "7.0.2",
        "@typescript/typescript-sunos-x64": "7.0.2",
        "@typescript/typescript-win32-arm64": "7.0.2",
        "@typescript/typescript-win32-x64": "7.0.2"
      }
    },
    "../../node_modules/.pnpm/viem@2.38.5_bufferutil@4.1.0_typescript@7.0.2_utf-8-validate@5.0.10_zod@4.5.4/node_modules/viem": {
      "version": "2.38.5",
      "funding": [
        {
          "type": "github",
          "url": "https://github.com/sponsors/wevm"
        }
      ],
      "license": "MIT",
      "dependencies": {
        "@noble/curves": "1.9.1",
        "@noble/hashes": "1.8.0",
        "@scure/bip32": "1.7.0",
        "@scure/bip39": "1.6.0",
        "abitype": "1.1.0",
        "isows": "1.0.7",
        "ox": "0.9.6",
        "ws": "8.18.3"
      },
      "peerDependencies": {
        "typescript": ">=5.0.4"
      },
      "peerDependenciesMeta": {
        "typescript": {
          "optional": true
        }
      }
    },
    "../../node_modules/.pnpm/zod@4.5.4/node_modules/zod": {
      "version": "4.5.4",
      "license": "MIT",
      "funding": {
        "url": "https://github.com/sponsors/colinhacks"
      }
    },
    "node_modules/@mastra/core": {
      "resolved": "../../node_modules/.pnpm/@mastra+core@1.64.0_bufferutil@4.1.0_express@5.2.1_supports-color@10.2.2__supports-colo_0b2d0e26af7571dbecca953cacfe3b47/node_modules/@mastra/core",
      "link": true
    },
    "node_modules/@types/cors": {
      "resolved": "../../node_modules/.pnpm/@types+cors@2.8.19/node_modules/@types/cors",
      "link": true
    },
    "node_modules/@types/express": {
      "resolved": "../../node_modules/.pnpm/@types+express@5.0.6/node_modules/@types/express",
      "link": true
    },
    "node_modules/@types/jsonwebtoken": {
      "resolved": "../../node_modules/.pnpm/@types+jsonwebtoken@9.0.10/node_modules/@types/jsonwebtoken",
      "link": true
    },
    "node_modules/@types/node": {
      "resolved": "../../node_modules/.pnpm/@types+node@26.4.1/node_modules/@types/node",
      "link": true
    },
    "node_modules/@types/pg": {
      "resolved": "../../node_modules/.pnpm/@types+pg@8.23.1/node_modules/@types/pg",
      "link": true
    },
    "node_modules/cors": {
      "resolved": "../../node_modules/.pnpm/cors@2.8.6/node_modules/cors",
      "link": true
    },
    "node_modules/dotenv": {
      "resolved": "../../node_modules/.pnpm/dotenv@17.4.2/node_modules/dotenv",
      "link": true
    },
    "node_modules/express": {
      "resolved": "../../node_modules/.pnpm/express@5.2.1_supports-color@10.2.2/node_modules/express",
      "link": true
    },
    "node_modules/graphql": {
      "resolved": "../../node_modules/.pnpm/graphql@17.0.2/node_modules/graphql",
      "link": true
    },
    "node_modules/jsonwebtoken": {
      "resolved": "../../node_modules/.pnpm/jsonwebtoken@9.0.3/node_modules/jsonwebtoken",
      "link": true
    },
    "node_modules/pg": {
      "resolved": "../../node_modules/.pnpm/pg@8.23.0/node_modules/pg",
      "link": true
    },
    "node_modules/pino": {
      "resolved": "../../node_modules/.pnpm/pino@10.3.1/node_modules/pino",
      "link": true
    },
    "node_modules/pino-pretty": {
      "resolved": "../../node_modules/.pnpm/pino-pretty@13.1.3/node_modules/pino-pretty",
      "link": true
    },
    "node_modules/tsx": {
      "resolved": "../../node_modules/.pnpm/tsx@4.23.13/node_modules/tsx",
      "link": true
    },
    "node_modules/typescript": {
      "resolved": "../../node_modules/.pnpm/typescript@7.0.2/node_modules/typescript",
      "link": true
    },
    "node_modules/viem": {
      "resolved": "../../node_modules/.pnpm/viem@2.38.5_bufferutil@4.1.0_typescript@7.0.2_utf-8-validate@5.0.10_zod@4.5.4/node_modules/viem",
      "link": true
    },
    "node_modules/zod": {
      "resolved": "../../node_modules/.pnpm/zod@4.5.4/node_modules/zod",
      "link": true
    }
  }
}
